
Microsoft Visual Studio Solution File, Format Version 12.00
# Visual Studio Version 17
VisualStudioVersion = 17.6.33801.468
MinimumVisualStudioVersion = 10.0.40219.1
Project("{FAE04EC0-301F-11D3-BF4B-00C04F79EFBC}") = "Project Ti Infinite", "Project Ti Infinite.csproj", "{EB3A238C-350E-4E37-9017-F57DDE1EFCC0}"
EndProject
Project("{FAE04EC0-301F-11D3-BF4B-00C04F79EFBC}") = "Project Tests", "..\Project Tests\Project Tests.csproj", "{4BE18C8B-CFF0-4D55-A9E1-1EC60BE9EA1F}"
EndProject
Global
	GlobalSection(SolutionConfigurationPlatforms) = preSolution
		Debug|Any CPU = Debug|Any CPU
		Release|Any CPU = Release|Any CPU
	EndGlobalSection
	GlobalSection(ProjectConfigurationPlatforms) = postSolution
		{EB3A238C-350E-4E37-9017-F57DDE1EFCC0}.Debug|Any CPU.ActiveCfg = Debug|Any CPU
		{EB3A238C-350E-4E37-9017-F57DDE1EFCC0}.Debug|Any CPU.Build.0 = Debug|Any CPU
		{EB3A238C-350E-4E37-9017-F57DDE1EFCC0}.Release|Any CPU.ActiveCfg = Release|Any CPU
		{EB3A238C-350E-4E37-9017-F57DDE1EFCC0}.Release|Any CPU.Build.0 = Release|Any CPU
		{4BE18C8B-CFF0-4D55-A9E1-1EC60BE9EA1F}.Debug|Any CPU.ActiveCfg = Debug|Any CPU
		{4BE18C8B-CFF0-4D55-A9E1-1EC60BE9EA1F}.Debug|Any CPU.Build.0 = Debug|Any CPU
		{4BE18C8B-CFF0-4D55-A9E1-1EC60BE9EA1F}.Release|Any CPU.ActiveCfg = Release|Any CPU
		{4BE18C8B-CFF0-4D55-A9E1-1EC60BE9EA1F}.Release|Any CPU.Build.0 = Release|Any CPU
	EndGlobalSection
	GlobalSection(SolutionProperties) = preSolution
		HideSolutionNode = FALSE
	EndGlobalSection
	GlobalSection(ExtensibilityGlobals) = postSolution
		SolutionGuid = {8C953402-D145-4A76-AABE-F70817E61249}
	EndGlobalSection
EndGlobal
